
Microsoft Visual Studio Solution File, Format Version 12.00
# Visual Studio Version 16
VisualStudioVersion = 16.0.30804.86
MinimumVisualStudioVersion = 10.0.40219.1
Project("{FAE04EC0-301F-11D3-BF4B-00C04F79EFBC}") = "Cmp3mp4", "Cmp3mp4\Cmp3mp4.csproj", "{3A90A319-BFEC-4F44-9B24-8AA345E89965}"
EndProject
Global
	GlobalSection(SolutionConfigurationPlatforms) = preSolution
		Debug|Any CPU = Debug|Any CPU
		Release|Any CPU = Release|Any CPU
	EndGlobalSection
	GlobalSection(ProjectConfigurationPlatforms) = postSolution
		{3A90A319-BFEC-4F44-9B24-8AA345E89965}.Debug|Any CPU.ActiveCfg = Debug|Any CPU
		{3A90A319-BFEC-4F44-9B24-8AA345E89965}.Debug|Any CPU.Build.0 = Debug|Any CPU
		{3A90A319-BFEC-4F44-9B24-8AA345E89965}.Release|Any CPU.ActiveCfg = Release|Any CPU
		{3A90A319-BFEC-4F44-9B24-8AA345E89965}.Release|Any CPU.Build.0 = Release|Any CPU
	EndGlobalSection
	GlobalSection(SolutionProperties) = preSolution
		HideSolutionNode = FALSE
	EndGlobalSection
	GlobalSection(ExtensibilityGlobals) = postSolution
		SolutionGuid = {2A5105A7-A932-4A27-A1E4-A38D84368155}
	EndGlobalSection
EndGlobal
